
Microsoft Visual Studio Solution File, Format Version 12.00
# Visual Studio Version 16
VisualStudioVersion = 16.0.31321.278
MinimumVisualStudioVersion = 10.0.40219.1
Project("{FAE04EC0-301F-11D3-BF4B-00C04F79EFBC}") = "The Elite Programmers Frontend", "The Elite Programmers Frontend.csproj", "{8425BFD7-276F-4587-A1B4-F30F5B9AE2B5}"
EndProject
Global
	GlobalSection(SolutionConfigurationPlatforms) = preSolution
		Debug|Any CPU = Debug|Any CPU
		Release|Any CPU = Release|Any CPU
	EndGlobalSection
	GlobalSection(ProjectConfigurationPlatforms) = postSolution
		{8425BFD7-276F-4587-A1B4-F30F5B9AE2B5}.Debug|Any CPU.ActiveCfg = Debug|Any CPU
		{8425BFD7-276F-4587-A1B4-F30F5B9AE2B5}.Debug|Any CPU.Build.0 = Debug|Any CPU
		{8425BFD7-276F-4587-A1B4-F30F5B9AE2B5}.Release|Any CPU.ActiveCfg = Release|Any CPU
		{8425BFD7-276F-4587-A1B4-F30F5B9AE2B5}.Release|Any CPU.Build.0 = Release|Any CPU
	EndGlobalSection
	GlobalSection(SolutionProperties) = preSolution
		HideSolutionNode = FALSE
	EndGlobalSection
	GlobalSection(ExtensibilityGlobals) = postSolution
		SolutionGuid = {C42CFFA6-9FEB-400C-8274-D97DA6AD6102}
	EndGlobalSection
EndGlobal
